
Microsoft Visual Studio Solution File, Format Version 12.00
# Visual Studio Version 17
VisualStudioVersion = 17.0.31919.166
MinimumVisualStudioVersion = 10.0.40219.1
Project("{9A19103F-16F7-4668-BE54-9A1E7A4F7556}") = "HttpCat.Net", "src\HttpCat.Net\HttpCat.Net.csproj", "{5B0A0B0A-5B0A-0B0A-5B0A-0B0A5B0A0B0A}"
EndProject
Project("{9A19103F-16F7-4668-BE54-9A1E7A4F7556}") = "HttpCat.Net.Tests", "test\HttpCat.Net.Tests\HttpCat.Net.Tests.csproj", "{5B0A0B0B-5B0A-0B0A-5B0A-0B0A5B0A0B0B}"
EndProject
Project("{2150E333-8FDC-42A3-9474-1A3956D46DE8}") = "samples", "samples", "{5D20AA90-6969-D8BD-9DCD-8634F4692FDA}"
EndProject
Project("{FAE04EC0-301F-11D3-BF4B-00C04F79EFBC}") = "MinimalApi", "samples\MinimalApi\MinimalApi.csproj", "{CC4745BC-752B-44D7-A9AA-C8B402D9818D}"
EndProject
Project("{2150E333-8FDC-42A3-9474-1A3956D46DE8}") = "src", "src", "{827E0CD3-B72D-47B6-A68D-7590B98EB39B}"
EndProject
Global
	GlobalSection(SolutionConfigurationPlatforms) = preSolution
		Debug|Any CPU = Debug|Any CPU
		Debug|x64 = Debug|x64
		Debug|x86 = Debug|x86
		Release|Any CPU = Release|Any CPU
		Release|x64 = Release|x64
		Release|x86 = Release|x86
	EndGlobalSection
	GlobalSection(ProjectConfigurationPlatforms) = postSolution
		{5B0A0B0A-5B0A-0B0A-5B0A-0B0A5B0A0B0A}.Debug|Any CPU.ActiveCfg = Debug|Any CPU
		{5B0A0B0A-5B0A-0B0A-5B0A-0B0A5B0A0B0A}.Debug|Any CPU.Build.0 = Debug|Any CPU
		{5B0A0B0A-5B0A-0B0A-5B0A-0B0A5B0A0B0A}.Debug|x64.ActiveCfg = Debug|Any CPU
		{5B0A0B0A-5B0A-0B0A-5B0A-0B0A5B0A0B0A}.Debug|x64.Build.0 = Debug|Any CPU
		{5B0A0B0A-5B0A-0B0A-5B0A-0B0A5B0A0B0A}.Debug|x86.ActiveCfg = Debug|Any CPU
		{5B0A0B0A-5B0A-0B0A-5B0A-0B0A5B0A0B0A}.Debug|x86.Build.0 = Debug|Any CPU
		{5B0A0B0A-5B0A-0B0A-5B0A-0B0A5B0A0B0A}.Release|Any CPU.ActiveCfg = Release|Any CPU
		{5B0A0B0A-5B0A-0B0A-5B0A-0B0A5B0A0B0A}.Release|Any CPU.Build.0 = Release|Any CPU
		{5B0A0B0A-5B0A-0B0A-5B0A-0B0A5B0A0B0A}.Release|x64.ActiveCfg = Release|Any CPU
		{5B0A0B0A-5B0A-0B0A-5B0A-0B0A5B0A0B0A}.Release|x64.Build.0 = Release|Any CPU
		{5B0A0B0A-5B0A-0B0A-5B0A-0B0A5B0A0B0A}.Release|x86.ActiveCfg = Release|Any CPU
		{5B0A0B0A-5B0A-0B0A-5B0A-0B0A5B0A0B0A}.Release|x86.Build.0 = Release|Any CPU
		{5B0A0B0B-5B0A-0B0A-5B0A-0B0A5B0A0B0B}.Debug|Any CPU.ActiveCfg = Debug|Any CPU
		{5B0A0B0B-5B0A-0B0A-5B0A-0B0A5B0A0B0B}.Debug|Any CPU.Build.0 = Debug|Any CPU
		{5B0A0B0B-5B0A-0B0A-5B0A-0B0A5B0A0B0B}.Debug|x64.ActiveCfg = Debug|Any CPU
		{5B0A0B0B-5B0A-0B0A-5B0A-0B0A5B0A0B0B}.Debug|x64.Build.0 = Debug|Any CPU
		{5B0A0B0B-5B0A-0B0A-5B0A-0B0A5B0A0B0B}.Debug|x86.ActiveCfg = Debug|Any CPU
		{5B0A0B0B-5B0A-0B0A-5B0A-0B0A5B0A0B0B}.Debug|x86.Build.0 = Debug|Any CPU
		{5B0A0B0B-5B0A-0B0A-5B0A-0B0A5B0A0B0B}.Release|Any CPU.ActiveCfg = Release|Any CPU
		{5B0A0B0B-5B0A-0B0A-5B0A-0B0A5B0A0B0B}.Release|Any CPU.Build.0 = Release|Any CPU
		{5B0A0B0B-5B0A-0B0A-5B0A-0B0A5B0A0B0B}.Release|x64.ActiveCfg = Release|Any CPU
		{5B0A0B0B-5B0A-0B0A-5B0A-0B0A5B0A0B0B}.Release|x64.Build.0 = Release|Any CPU
		{5B0A0B0B-5B0A-0B0A-5B0A-0B0A5B0A0B0B}.Release|x86.ActiveCfg = Release|Any CPU
		{5B0A0B0B-5B0A-0B0A-5B0A-0B0A5B0A0B0B}.Release|x86.Build.0 = Release|Any CPU
		{CC4745BC-752B-44D7-A9AA-C8B402D9818D}.Debug|Any CPU.ActiveCfg = Debug|Any CPU
		{CC4745BC-752B-44D7-A9AA-C8B402D9818D}.Debug|Any CPU.Build.0 = Debug|Any CPU
		{CC4745BC-752B-44D7-A9AA-C8B402D9818D}.Debug|x64.ActiveCfg = Debug|Any CPU
		{CC4745BC-752B-44D7-A9AA-C8B402D9818D}.Debug|x64.Build.0 = Debug|Any CPU
		{CC4745BC-752B-44D7-A9AA-C8B402D9818D}.Debug|x86.ActiveCfg = Debug|Any CPU
		{CC4745BC-752B-44D7-A9AA-C8B402D9818D}.Debug|x86.Build.0 = Debug|Any CPU
		{CC4745BC-752B-44D7-A9AA-C8B402D9818D}.Release|Any CPU.ActiveCfg = Release|Any CPU
		{CC4745BC-752B-44D7-A9AA-C8B402D9818D}.Release|Any CPU.Build.0 = Release|Any CPU
		{CC4745BC-752B-44D7-A9AA-C8B402D9818D}.Release|x64.ActiveCfg = Release|Any CPU
		{CC4745BC-752B-44D7-A9AA-C8B402D9818D}.Release|x64.Build.0 = Release|Any CPU
		{CC4745BC-752B-44D7-A9AA-C8B402D9818D}.Release|x86.ActiveCfg = Release|Any CPU
		{CC4745BC-752B-44D7-A9AA-C8B402D9818D}.Release|x86.Build.0 = Release|Any CPU
	EndGlobalSection
	GlobalSection(SolutionProperties) = preSolution
		HideSolutionNode = FALSE
	EndGlobalSection
	GlobalSection(NestedProjects) = preSolution
		{CC4745BC-752B-44D7-A9AA-C8B402D9818D} = {5D20AA90-6969-D8BD-9DCD-8634F4692FDA}
	EndGlobalSection
EndGlobal
